
Microsoft Visual Studio Solution File, Format Version 12.00
# Visual Studio Version 17
VisualStudioVersion = 17.9.34728.123
MinimumVisualStudioVersion = 10.0.40219.1
Project("{FAE04EC0-301F-11D3-BF4B-00C04F79EFBC}") = "ExpenseSharing", "ExpenseSharing.csproj", "{D4179E72-730E-4ECA-89D9-75F1FBAEFFC1}"
EndProject
Project("{FAE04EC0-301F-11D3-BF4B-00C04F79EFBC}") = "ExpenseSharingTest", "..\ExpenseSharingTest\ExpenseSharingTest.csproj", "{8BB90FC6-CE34-4E04-82A0-ACCEC50590ED}"
EndProject
Global
	GlobalSection(SolutionConfigurationPlatforms) = preSolution
		Debug|Any CPU = Debug|Any CPU
		Release|Any CPU = Release|Any CPU
	EndGlobalSection
	GlobalSection(ProjectConfigurationPlatforms) = postSolution
		{D4179E72-730E-4ECA-89D9-75F1FBAEFFC1}.Debug|Any CPU.ActiveCfg = Debug|Any CPU
		{D4179E72-730E-4ECA-89D9-75F1FBAEFFC1}.Debug|Any CPU.Build.0 = Debug|Any CPU
		{D4179E72-730E-4ECA-89D9-75F1FBAEFFC1}.Release|Any CPU.ActiveCfg = Release|Any CPU
		{D4179E72-730E-4ECA-89D9-75F1FBAEFFC1}.Release|Any CPU.Build.0 = Release|Any CPU
		{8BB90FC6-CE34-4E04-82A0-ACCEC50590ED}.Debug|Any CPU.ActiveCfg = Debug|Any CPU
		{8BB90FC6-CE34-4E04-82A0-ACCEC50590ED}.Debug|Any CPU.Build.0 = Debug|Any CPU
		{8BB90FC6-CE34-4E04-82A0-ACCEC50590ED}.Release|Any CPU.ActiveCfg = Release|Any CPU
		{8BB90FC6-CE34-4E04-82A0-ACCEC50590ED}.Release|Any CPU.Build.0 = Release|Any CPU
	EndGlobalSection
	GlobalSection(SolutionProperties) = preSolution
		HideSolutionNode = FALSE
	EndGlobalSection
	GlobalSection(ExtensibilityGlobals) = postSolution
		SolutionGuid = {D6E20036-A5AE-4CE0-B6BD-CFE6F02B0945}
	EndGlobalSection
EndGlobal
