
Microsoft Visual Studio Solution File, Format Version 12.00
# Visual Studio Version 17
VisualStudioVersion = 17.9.34728.123
MinimumVisualStudioVersion = 10.0.40219.1
Project("{FAE04EC0-301F-11D3-BF4B-00C04F79EFBC}") = "DistributedLocking", "DistributedLocking.csproj", "{6A27B00D-EFA3-46EF-A64E-E0FBE93C5A00}"
EndProject
Project("{FAE04EC0-301F-11D3-BF4B-00C04F79EFBC}") = "DistributedLockingTest", "..\DistributedLockingTest\DistributedLockingTest.csproj", "{DAE30846-37D8-474B-A314-2220BAB5368F}"
EndProject
Global
	GlobalSection(SolutionConfigurationPlatforms) = preSolution
		Debug|Any CPU = Debug|Any CPU
		Release|Any CPU = Release|Any CPU
	EndGlobalSection
	GlobalSection(ProjectConfigurationPlatforms) = postSolution
		{6A27B00D-EFA3-46EF-A64E-E0FBE93C5A00}.Debug|Any CPU.ActiveCfg = Debug|Any CPU
		{6A27B00D-EFA3-46EF-A64E-E0FBE93C5A00}.Debug|Any CPU.Build.0 = Debug|Any CPU
		{6A27B00D-EFA3-46EF-A64E-E0FBE93C5A00}.Release|Any CPU.ActiveCfg = Release|Any CPU
		{6A27B00D-EFA3-46EF-A64E-E0FBE93C5A00}.Release|Any CPU.Build.0 = Release|Any CPU
		{DAE30846-37D8-474B-A314-2220BAB5368F}.Debug|Any CPU.ActiveCfg = Debug|Any CPU
		{DAE30846-37D8-474B-A314-2220BAB5368F}.Debug|Any CPU.Build.0 = Debug|Any CPU
		{DAE30846-37D8-474B-A314-2220BAB5368F}.Release|Any CPU.ActiveCfg = Release|Any CPU
		{DAE30846-37D8-474B-A314-2220BAB5368F}.Release|Any CPU.Build.0 = Release|Any CPU
	EndGlobalSection
	GlobalSection(SolutionProperties) = preSolution
		HideSolutionNode = FALSE
	EndGlobalSection
	GlobalSection(ExtensibilityGlobals) = postSolution
		SolutionGuid = {D6BA99C5-AABA-42AE-9316-3F68E9FB3596}
	EndGlobalSection
EndGlobal
