
Microsoft Visual Studio Solution File, Format Version 12.00
# Visual Studio Version 17
VisualStudioVersion = 17.8.34408.163
MinimumVisualStudioVersion = 10.0.40219.1
Project("{FAE04EC0-301F-11D3-BF4B-00C04F79EFBC}") = "PubSubMessaging", "PubSubMessaging\PubSubMessaging.csproj", "{CB8B4B72-620A-42DE-AFE4-29C6622FE169}"
EndProject
Global
	GlobalSection(SolutionConfigurationPlatforms) = preSolution
		Debug|Any CPU = Debug|Any CPU
		Release|Any CPU = Release|Any CPU
	EndGlobalSection
	GlobalSection(ProjectConfigurationPlatforms) = postSolution
		{CB8B4B72-620A-42DE-AFE4-29C6622FE169}.Debug|Any CPU.ActiveCfg = Debug|Any CPU
		{CB8B4B72-620A-42DE-AFE4-29C6622FE169}.Debug|Any CPU.Build.0 = Debug|Any CPU
		{CB8B4B72-620A-42DE-AFE4-29C6622FE169}.Release|Any CPU.ActiveCfg = Release|Any CPU
		{CB8B4B72-620A-42DE-AFE4-29C6622FE169}.Release|Any CPU.Build.0 = Release|Any CPU
	EndGlobalSection
	GlobalSection(SolutionProperties) = preSolution
		HideSolutionNode = FALSE
	EndGlobalSection
	GlobalSection(ExtensibilityGlobals) = postSolution
		SolutionGuid = {10C2CDD5-49A0-4499-B363-B01F99948D35}
	EndGlobalSection
EndGlobal
